// !$*UTF8*$!
{
	archiveVersion = 1;
	classes = {
	};
	objectVersion = 46;
	objects = {

/* Begin PBXBuildFile section */
		7B21C20820CC58F0000729BC /* nameViewController.swift in Sources */ = {isa = PBXBuildFile; fileRef = 7B21C20720CC58F0000729BC /* nameViewController.swift */; };
		7B21C20E20CCECC5000729BC /* varObject.swift in Sources */ = {isa = PBXBuildFile; fileRef = 7B21C20D20CCECC5000729BC /* varObject.swift */; };
		7BE1906120CB11CA0004BEBD /* AppDelegate.swift in Sources */ = {isa = PBXBuildFile; fileRef = 7BE1906020CB11CA0004BEBD /* AppDelegate.swift */; };
		7BE1906320CB11CA0004BEBD /* ViewController.swift in Sources */ = {isa = PBXBuildFile; fileRef = 7BE1906220CB11CA0004BEBD /* ViewController.swift */; };
		7BE1906620CB11CA0004BEBD /* Main.storyboard in Resources */ = {isa = PBXBuildFile; fileRef = 7BE1906420CB11CA0004BEBD /* Main.storyboard */; };
		7BE1906820CB11CA0004BEBD /* Assets.xcassets in Resources */ = {isa = PBXBuildFile; fileRef = 7BE1906720CB11CA0004BEBD /* Assets.xcassets */; };
		7BE1906B20CB11CA0004BEBD /* LaunchScreen.storyboard in Resources */ = {isa = PBXBuildFile; fileRef = 7BE1906920CB11CA0004BEBD /* LaunchScreen.storyboard */; };
		7BE1907320CBDBCB0004BEBD /* nameSelectController.swift in Sources */ = {isa = PBXBuildFile; fileRef = 7BE1907220CBDBCB0004BEBD /* nameSelectController.swift */; };
/* End PBXBuildFile section */

/* Begin PBXFileReference section */
		7B21C20720CC58F0000729BC /* nameViewController.swift */ = {isa = PBXFileReference; fileEncoding = 4; lastKnownFileType = sourcecode.swift; path = nameViewController.swift; sourceTree = "<group>"; };
		7B21C20D20CCECC5000729BC /* varObject.swift */ = {isa = PBXFileReference; fileEncoding = 4; lastKnownFileType = sourcecode.swift; name = varObject.swift; path = ../varObject.swift; sourceTree = "<group>"; };
		7BE1905D20CB11CA0004BEBD /* name_advisor.app */ = {isa = PBXFileReference; explicitFileType = wrapper.application; includeInIndex = 0; path = name_advisor.app; sourceTree = BUILT_PRODUCTS_DIR; };
		7BE1906020CB11CA0004BEBD /* AppDelegate.swift */ = {isa = PBXFileReference; lastKnownFileType = sourcecode.swift; path = AppDelegate.swift; sourceTree = "<group>"; };
		7BE1906220CB11CA0004BEBD /* ViewController.swift */ = {isa = PBXFileReference; lastKnownFileType = sourcecode.swift; path = ViewController.swift; sourceTree = "<group>"; };
		7BE1906520CB11CA0004BEBD /* Base */ = {isa = PBXFileReference; lastKnownFileType = file.storyboard; name = Base; path = Base.lproj/Main.storyboard; sourceTree = "<group>"; };
		7BE1906720CB11CA0004BEBD /* Assets.xcassets */ = {isa = PBXFileReference; lastKnownFileType = folder.assetcatalog; path = Assets.xcassets; sourceTree = "<group>"; };
		7BE1906A20CB11CA0004BEBD /* Base */ = {isa = PBXFileReference; lastKnownFileType = file.storyboard; name = Base; path = Base.lproj/LaunchScreen.storyboard; sourceTree = "<group>"; };
		7BE1906C20CB11CA0004BEBD /* Info.plist */ = {isa = PBXFileReference; lastKnownFileType = text.plist.xml; path = Info.plist; sourceTree = "<group>"; };
		7BE1907220CBDBCB0004BEBD /* nameSelectController.swift */ = {isa = PBXFileReference; fileEncoding = 4; lastKnownFileType = sourcecode.swift; path = nameSelectController.swift; sourceTree = "<group>"; };
/* End PBXFileReference section */

/* Begin PBXFrameworksBuildPhase section */
		7BE1905A20CB11CA0004BEBD /* Frameworks */ = {
			isa = PBXFrameworksBuildPhase;
			buildActionMask = 2147483647;
			files = (
			);
			runOnlyForDeploymentPostprocessing = 0;
		};
/* End PBXFrameworksBuildPhase section */

/* Begin PBXGroup section */
		7BE1905420CB11C90004BEBD = {
			isa = PBXGroup;
			children = (
				7BE1905F20CB11CA0004BEBD /* name_advisor */,
				7BE1905E20CB11CA0004BEBD /* Products */,
			);
			sourceTree = "<group>";
		};
		7BE1905E20CB11CA0004BEBD /* Products */ = {
			isa = PBXGroup;
			children = (
				7BE1905D20CB11CA0004BEBD /* name_advisor.app */,
			);
			name = Products;
			sourceTree = "<group>";
		};
		7BE1905F20CB11CA0004BEBD /* name_advisor */ = {
			isa = PBXGroup;
			children = (
				7BE1906020CB11CA0004BEBD /* AppDelegate.swift */,
				7BE1906220CB11CA0004BEBD /* ViewController.swift */,
				7B21C20D20CCECC5000729BC /* varObject.swift */,
				7BE1907220CBDBCB0004BEBD /* nameSelectController.swift */,
				7B21C20720CC58F0000729BC /* nameViewController.swift */,
				7BE1906420CB11CA0004BEBD /* Main.storyboard */,
				7BE1906720CB11CA0004BEBD /* Assets.xcassets */,
				7BE1906920CB11CA0004BEBD /* LaunchScreen.storyboard */,
				7BE1906C20CB11CA0004BEBD /* Info.plist */,
			);
			path = name_advisor;
			sourceTree = "<group>";
		};
/* End PBXGroup section */

/* Begin PBXNativeTarget section */
		7BE1905C20CB11CA0004BEBD /* name_advisor */ = {
			isa = PBXNativeTarget;
			buildConfigurationList = 7BE1906F20CB11CA0004BEBD /* Build configuration list for PBXNativeTarget "name_advisor" */;
			buildPhases = (
				7BE1905920CB11CA0004BEBD /* Sources */,
				7BE1905A20CB11CA0004BEBD /* Frameworks */,
				7BE1905B20CB11CA0004BEBD /* Resources */,
			);
			buildRules = (
			);
			dependencies = (
			);
			name = name_advisor;
			productName = name_advisor;
			productReference = 7BE1905D20CB11CA0004BEBD /* name_advisor.app */;
			productType = "com.apple.product-type.application";
		};
/* End PBXNativeTarget section */

/* Begin PBXProject section */
		7BE1905520CB11C90004BEBD /* Project object */ = {
			isa = PBXProject;
			attributes = {
				LastSwiftUpdateCheck = 0820;
				LastUpgradeCheck = 0820;
				ORGANIZATIONNAME = "Carl Jonsson";
				TargetAttributes = {
					7BE1905C20CB11CA0004BEBD = {
						CreatedOnToolsVersion = 8.2.1;
						DevelopmentTeam = 239E2Q3UMH;
						ProvisioningStyle = Automatic;
					};
				};
			};
			buildConfigurationList = 7BE1905820CB11C90004BEBD /* Build configuration list for PBXProject "name_advisor" */;
			compatibilityVersion = "Xcode 3.2";
			developmentRegion = English;
			hasScannedForEncodings = 0;
			knownRegions = (
				en,
				Base,
			);
			mainGroup = 7BE1905420CB11C90004BEBD;
			productRefGroup = 7BE1905E20CB11CA0004BEBD /* Products */;
			projectDirPath = "";
			projectRoot = "";
			targets = (
				7BE1905C20CB11CA0004BEBD /* name_advisor */,
			);
		};
/* End PBXProject section */

/* Begin PBXResourcesBuildPhase section */
		7BE1905B20CB11CA0004BEBD /* Resources */ = {
			isa = PBXResourcesBuildPhase;
			buildActionMask = 2147483647;
			files = (
				7BE1906B20CB11CA0004BEBD /* LaunchScreen.storyboard in Resources */,
				7BE1906820CB11CA0004BEBD /* Assets.xcassets in Resources */,
				7BE1906620CB11CA0004BEBD /* Main.storyboard in Resources */,
			);
			runOnlyForDeploymentPostprocessing = 0;
		};
/* End PBXResourcesBuildPhase section */

/* Begin PBXSourcesBuildPhase section */
		7BE1905920CB11CA0004BEBD /* Sources */ = {
			isa = PBXSourcesBuildPhase;
			buildActionMask = 2147483647;
			files = (
				7BE1906320CB11CA0004BEBD /* ViewController.swift in Sources */,
				7BE1906120CB11CA0004BEBD /* AppDelegate.swift in Sources */,
				7B21C20E20CCECC5000729BC /* varObject.swift in Sources */,
				7BE1907320CBDBCB0004BEBD /* nameSelectController.swift in Sources */,
				7B21C20820CC58F0000729BC /* nameViewController.swift in Sources */,
			);
			runOnlyForDeploymentPostprocessing = 0;
		};
/* End PBXSourcesBuildPhase section */

/* Begin PBXVariantGroup section */
		7BE1906420CB11CA0004BEBD /* Main.storyboard */ = {
			isa = PBXVariantGroup;
			children = (
				7BE1906520CB11CA0004BEBD /* Base */,
			);
			name = Main.storyboard;
			sourceTree = "<group>";
		};
		7BE1906920CB11CA0004BEBD /* LaunchScreen.storyboard */ = {
			isa = PBXVariantGroup;
			children = (
				7BE1906A20CB11CA0004BEBD /* Base */,
			);
			name = LaunchScreen.storyboard;
			sourceTree = "<group>";
		};
/* End PBXVariantGroup section */

/* Begin XCBuildConfiguration section */
		7BE1906D20CB11CA0004BEBD /* Debug */ = {
			isa = XCBuildConfiguration;
			buildSettings = {
				ALWAYS_SEARCH_USER_PATHS = NO;
				CLANG_ANALYZER_NONNULL = YES;
				CLANG_CXX_LANGUAGE_STANDARD = "gnu++0x";
				CLANG_CXX_LIBRARY = "libc++";
				CLANG_ENABLE_MODULES = YES;
				CLANG_ENABLE_OBJC_ARC = YES;
				CLANG_WARN_BOOL_CONVERSION = YES;
				CLANG_WARN_CONSTANT_CONVERSION = YES;
				CLANG_WARN_DIRECT_OBJC_ISA_USAGE = YES_ERROR;
				CLANG_WARN_DOCUMENTATION_COMMENTS = YES;
				CLANG_WARN_EMPTY_BODY = YES;
				CLANG_WARN_ENUM_CONVERSION = YES;
				CLANG_WARN_INFINITE_RECURSION = YES;
				CLANG_WARN_INT_CONVERSION = YES;
				CLANG_WARN_OBJC_ROOT_CLASS = YES_ERROR;
				CLANG_WARN_SUSPICIOUS_MOVE = YES;
				CLANG_WARN_UNREACHABLE_CODE = YES;
				CLANG_WARN__DUPLICATE_METHOD_MATCH = YES;
				"CODE_SIGN_IDENTITY[sdk=iphoneos*]" = "iPhone Developer";
				COPY_PHASE_STRIP = NO;
				DEBUG_INFORMATION_FORMAT = dwarf;
				ENABLE_STRICT_OBJC_MSGSEND = YES;
				ENABLE_TESTABILITY = YES;
				GCC_C_LANGUAGE_STANDARD = gnu99;
				GCC_DYNAMIC_NO_PIC = NO;
				GCC_NO_COMMON_BLOCKS = YES;
				GCC_OPTIMIZATION_LEVEL = 0;
				GCC_PREPROCESSOR_DEFINITIONS = (
					"DEBUG=1",
					"$(inherited)",
				);
				GCC_WARN_64_TO_32_BIT_CONVERSION = YES;
				GCC_WARN_ABOUT_RETURN_TYPE = YES_ERROR;
				GCC_WARN_UNDECLARED_SELECTOR = YES;
				GCC_WARN_UNINITIALIZED_AUTOS = YES_AGGRESSIVE;
				GCC_WARN_UNUSED_FUNCTION = YES;
				GCC_WARN_UNUSED_VARIABLE = YES;
				IPHONEOS_DEPLOYMENT_TARGET = 10.0;
				MTL_ENABLE_DEBUG_INFO = YES;
				ONLY_ACTIVE_ARCH = YES;
				SDKROOT = iphoneos;
				SWIFT_ACTIVE_COMPILATION_CONDITIONS = DEBUG;
				SWIFT_OPTIMIZATION_LEVEL = "-Onone";
			};
			name = Debug;
		};
		7BE1906E20CB11CA0004BEBD /* Release */ = {
			isa = XCBuildConfiguration;
			buildSettings = {
				ALWAYS_SEARCH_USER_PATHS = NO;
				CLANG_ANALYZER_NONNULL = YES;
				CLANG_CXX_LANGUAGE_STANDARD = "gnu++0x";
				CLANG_CXX_LIBRARY = "libc++";
				CLANG_ENABLE_MODULES = YES;
				CLANG_ENABLE_OBJC_ARC = YES;
				CLANG_WARN_BOOL_CONVERSION = YES;
				CLANG_WARN_CONSTANT_CONVERSION = YES;
				CLANG_WARN_DIRECT_OBJC_ISA_USAGE = YES_ERROR;
				CLANG_WARN_DOCUMENTATION_COMMENTS = YES;
				CLANG_WARN_EMPTY_BODY = YES;
				CLANG_WARN_ENUM_CONVERSION = YES;
				CLANG_WARN_INFINITE_RECURSION = YES;
				CLANG_WARN_INT_CONVERSION = YES;
				CLANG_WARN_OBJC_ROOT_CLASS = YES_ERROR;
				CLANG_WARN_SUSPICIOUS_MOVE = YES;
				CLANG_WARN_UNREACHABLE_CODE = YES;
				CLANG_WARN__DUPLICATE_METHOD_MATCH = YES;
				"CODE_SIGN_IDENTITY[sdk=iphoneos*]" = "iPhone Developer";
				COPY_PHASE_STRIP = NO;
				DEBUG_INFORMATION_FORMAT = "dwarf-with-dsym";
				ENABLE_NS_ASSERTIONS = NO;
				ENABLE_STRICT_OBJC_MSGSEND = YES;
				GCC_C_LANGUAGE_STANDARD = gnu99;
				GCC_NO_COMMON_BLOCKS = YES;
				GCC_WARN_64_TO_32_BIT_CONVERSION = YES;
				GCC_WARN_ABOUT_RETURN_TYPE = YES_ERROR;
				GCC_WARN_UNDECLARED_SELECTOR = YES;
				GCC_WARN_UNINITIALIZED_AUTOS = YES_AGGRESSIVE;
				GCC_WARN_UNUSED_FUNCTION = YES;
				GCC_WARN_UNUSED_VARIABLE = YES;
				IPHONEOS_DEPLOYMENT_TARGET = 10.0;
				MTL_ENABLE_DEBUG_INFO = NO;
				SDKROOT = iphoneos10.2;
				SWIFT_OPTIMIZATION_LEVEL = "-Owholemodule";
				VALIDATE_PRODUCT = YES;
			};
			name = Release;
		};
		7BE1907020CB11CA0004BEBD /* Debug */ = {
			isa = XCBuildConfiguration;
			buildSettings = {
				ASSETCATALOG_COMPILER_APPICON_NAME = AppIcon;
				DEVELOPMENT_TEAM = 239E2Q3UMH;
				INFOPLIST_FILE = name_advisor/Info.plist;
				LD_RUNPATH_SEARCH_PATHS = "$(inherited) @executable_path/Frameworks";
				PRODUCT_BUNDLE_IDENTIFIER = "dns.name-advisor";
				PRODUCT_NAME = "$(TARGET_NAME)";
				SWIFT_VERSION = 3.0;
			};
			name = Debug;
		};
		7BE1907120CB11CA0004BEBD /* Release */ = {
			isa = XCBuildConfiguration;
			buildSettings = {
				ASSETCATALOG_COMPILER_APPICON_NAME = AppIcon;
				DEVELOPMENT_TEAM = 239E2Q3UMH;
				INFOPLIST_FILE = name_advisor/Info.plist;
				LD_RUNPATH_SEARCH_PATHS = "$(inherited) @executable_path/Frameworks";
				PRODUCT_BUNDLE_IDENTIFIER = "dns.name-advisor";
				PRODUCT_NAME = "$(TARGET_NAME)";
				SWIFT_VERSION = 3.0;
			};
			name = Release;
		};
/* End XCBuildConfiguration section */

/* Begin XCConfigurationList section */
		7BE1905820CB11C90004BEBD /* Build configuration list for PBXProject "name_advisor" */ = {
			isa = XCConfigurationList;
			buildConfigurations = (
				7BE1906D20CB11CA0004BEBD /* Debug */,
				7BE1906E20CB11CA0004BEBD /* Release */,
			);
			defaultConfigurationIsVisible = 0;
			defaultConfigurationName = Release;
		};
		7BE1906F20CB11CA0004BEBD /* Build configuration list for PBXNativeTarget "name_advisor" */ = {
			isa = XCConfigurationList;
			buildConfigurations = (
				7BE1907020CB11CA0004BEBD /* Debug */,
				7BE1907120CB11CA0004BEBD /* Release */,
			);
			defaultConfigurationIsVisible = 0;
			defaultConfigurationName = Release;
		};
/* End XCConfigurationList section */
	};
	rootObject = 7BE1905520CB11C90004BEBD /* Project object */;
}
